
Microsoft Visual Studio Solution File, Format Version 12.00
# Visual Studio 15
VisualStudioVersion = 15.0.27703.2000
MinimumVisualStudioVersion = 10.0.40219.1
Project("{FAE04EC0-301F-11D3-BF4B-00C04F79EFBC}") = "Parser", "Parser\Parser.csproj", "{6B99E58B-E17B-49E5-BC0C-023E8F1BDFCF}"
EndProject
Global
	GlobalSection(SolutionConfigurationPlatforms) = preSolution
		Debug|Any CPU = Debug|Any CPU
		Release|Any CPU = Release|Any CPU
	EndGlobalSection
	GlobalSection(ProjectConfigurationPlatforms) = postSolution
		{6B99E58B-E17B-49E5-BC0C-023E8F1BDFCF}.Debug|Any CPU.ActiveCfg = Debug|Any CPU
		{6B99E58B-E17B-49E5-BC0C-023E8F1BDFCF}.Debug|Any CPU.Build.0 = Debug|Any CPU
		{6B99E58B-E17B-49E5-BC0C-023E8F1BDFCF}.Release|Any CPU.ActiveCfg = Release|Any CPU
		{6B99E58B-E17B-49E5-BC0C-023E8F1BDFCF}.Release|Any CPU.Build.0 = Release|Any CPU
	EndGlobalSection
	GlobalSection(SolutionProperties) = preSolution
		HideSolutionNode = FALSE
	EndGlobalSection
	GlobalSection(ExtensibilityGlobals) = postSolution
		SolutionGuid = {6F9B8D6D-49B0-4BC8-98D0-13BDFA635939}
	EndGlobalSection
EndGlobal
